// !$*UTF8*$!
{
	archiveVersion = 1;
	classes = {
	};
	objectVersion = 50;
	objects = {

/* Begin PBXBuildFile section */
		7C39EFC521DE3E14001B07FD /* AppDelegate.swift in Sources */ = {isa = PBXBuildFile; fileRef = 7C39EFC421DE3E14001B07FD /* AppDelegate.swift */; };
		7C39EFCA21DE3E14001B07FD /* Main.storyboard in Resources */ = {isa = PBXBuildFile; fileRef = 7C39EFC821DE3E14001B07FD /* Main.storyboard */; };
		7C39EFCC21DE3E17001B07FD /* Assets.xcassets in Resources */ = {isa = PBXBuildFile; fileRef = 7C39EFCB21DE3E17001B07FD /* Assets.xcassets */; };
		7C39EFCF21DE3E17001B07FD /* LaunchScreen.storyboard in Resources */ = {isa = PBXBuildFile; fileRef = 7C39EFCD21DE3E17001B07FD /* LaunchScreen.storyboard */; };
		7C39EFD721E0A03A001B07FD /* TableMainViewController.swift in Sources */ = {isa = PBXBuildFile; fileRef = 7C39EFD621E0A03A001B07FD /* TableMainViewController.swift */; };
		7C39EFD921E0AF1F001B07FD /* MovieTableViewCell.swift in Sources */ = {isa = PBXBuildFile; fileRef = 7C39EFD821E0AF1F001B07FD /* MovieTableViewCell.swift */; };
		7C39EFDB21E0B24F001B07FD /* Movie.swift in Sources */ = {isa = PBXBuildFile; fileRef = 7C39EFDA21E0B24F001B07FD /* Movie.swift */; };
		7C39EFDE21E0B2AD001B07FD /* MovieInfo.swift in Sources */ = {isa = PBXBuildFile; fileRef = 7C39EFDD21E0B2AD001B07FD /* MovieInfo.swift */; };
		7C39EFE021E0B2BA001B07FD /* Comment.swift in Sources */ = {isa = PBXBuildFile; fileRef = 7C39EFDF21E0B2BA001B07FD /* Comment.swift */; };
/* End PBXBuildFile section */

/* Begin PBXFileReference section */
		7C39EFC121DE3E14001B07FD /* BoxOffice.app */ = {isa = PBXFileReference; explicitFileType = wrapper.application; includeInIndex = 0; path = BoxOffice.app; sourceTree = BUILT_PRODUCTS_DIR; };
		7C39EFC421DE3E14001B07FD /* AppDelegate.swift */ = {isa = PBXFileReference; lastKnownFileType = sourcecode.swift; path = AppDelegate.swift; sourceTree = "<group>"; };
		7C39EFC921DE3E14001B07FD /* Base */ = {isa = PBXFileReference; lastKnownFileType = file.storyboard; name = Base; path = Base.lproj/Main.storyboard; sourceTree = "<group>"; };
		7C39EFCB21DE3E17001B07FD /* Assets.xcassets */ = {isa = PBXFileReference; lastKnownFileType = folder.assetcatalog; path = Assets.xcassets; sourceTree = "<group>"; };
		7C39EFCE21DE3E17001B07FD /* Base */ = {isa = PBXFileReference; lastKnownFileType = file.storyboard; name = Base; path = Base.lproj/LaunchScreen.storyboard; sourceTree = "<group>"; };
		7C39EFD021DE3E17001B07FD /* Info.plist */ = {isa = PBXFileReference; lastKnownFileType = text.plist.xml; path = Info.plist; sourceTree = "<group>"; };
		7C39EFD621E0A03A001B07FD /* TableMainViewController.swift */ = {isa = PBXFileReference; lastKnownFileType = sourcecode.swift; path = TableMainViewController.swift; sourceTree = "<group>"; };
		7C39EFD821E0AF1F001B07FD /* MovieTableViewCell.swift */ = {isa = PBXFileReference; lastKnownFileType = sourcecode.swift; path = MovieTableViewCell.swift; sourceTree = "<group>"; };
		7C39EFDA21E0B24F001B07FD /* Movie.swift */ = {isa = PBXFileReference; lastKnownFileType = sourcecode.swift; path = Movie.swift; sourceTree = "<group>"; };
		7C39EFDD21E0B2AD001B07FD /* MovieInfo.swift */ = {isa = PBXFileReference; lastKnownFileType = sourcecode.swift; path = MovieInfo.swift; sourceTree = "<group>"; };
		7C39EFDF21E0B2BA001B07FD /* Comment.swift */ = {isa = PBXFileReference; lastKnownFileType = sourcecode.swift; path = Comment.swift; sourceTree = "<group>"; };
/* End PBXFileReference section */

/* Begin PBXFrameworksBuildPhase section */
		7C39EFBE21DE3E14001B07FD /* Frameworks */ = {
			isa = PBXFrameworksBuildPhase;
			buildActionMask = 2147483647;
			files = (
			);
			runOnlyForDeploymentPostprocessing = 0;
		};
/* End PBXFrameworksBuildPhase section */

/* Begin PBXGroup section */
		7C39EFB821DE3E14001B07FD = {
			isa = PBXGroup;
			children = (
				7C39EFC321DE3E14001B07FD /* BoxOffice */,
				7C39EFC221DE3E14001B07FD /* Products */,
			);
			sourceTree = "<group>";
		};
		7C39EFC221DE3E14001B07FD /* Products */ = {
			isa = PBXGroup;
			children = (
				7C39EFC121DE3E14001B07FD /* BoxOffice.app */,
			);
			name = Products;
			sourceTree = "<group>";
		};
		7C39EFC321DE3E14001B07FD /* BoxOffice */ = {
			isa = PBXGroup;
			children = (
				7C39EFDC21E0B268001B07FD /* Types */,
				7C39EFC421DE3E14001B07FD /* AppDelegate.swift */,
				7C39EFC821DE3E14001B07FD /* Main.storyboard */,
				7C39EFD621E0A03A001B07FD /* TableMainViewController.swift */,
				7C39EFD821E0AF1F001B07FD /* MovieTableViewCell.swift */,
				7C39EFCB21DE3E17001B07FD /* Assets.xcassets */,
				7C39EFCD21DE3E17001B07FD /* LaunchScreen.storyboard */,
				7C39EFD021DE3E17001B07FD /* Info.plist */,
			);
			path = BoxOffice;
			sourceTree = "<group>";
		};
		7C39EFDC21E0B268001B07FD /* Types */ = {
			isa = PBXGroup;
			children = (
				7C39EFDA21E0B24F001B07FD /* Movie.swift */,
				7C39EFDD21E0B2AD001B07FD /* MovieInfo.swift */,
				7C39EFDF21E0B2BA001B07FD /* Comment.swift */,
			);
			path = Types;
			sourceTree = "<group>";
		};
/* End PBXGroup section */

/* Begin PBXNativeTarget section */
		7C39EFC021DE3E14001B07FD /* BoxOffice */ = {
			isa = PBXNativeTarget;
			buildConfigurationList = 7C39EFD321DE3E17001B07FD /* Build configuration list for PBXNativeTarget "BoxOffice" */;
			buildPhases = (
				7C39EFBD21DE3E14001B07FD /* Sources */,
				7C39EFBE21DE3E14001B07FD /* Frameworks */,
				7C39EFBF21DE3E14001B07FD /* Resources */,
			);
			buildRules = (
			);
			dependencies = (
			);
			name = BoxOffice;
			productName = BoxOffice;
			productReference = 7C39EFC121DE3E14001B07FD /* BoxOffice.app */;
			productType = "com.apple.product-type.application";
		};
/* End PBXNativeTarget section */

/* Begin PBXProject section */
		7C39EFB921DE3E14001B07FD /* Project object */ = {
			isa = PBXProject;
			attributes = {
				LastSwiftUpdateCheck = 1010;
				LastUpgradeCheck = 1010;
				ORGANIZATIONNAME = "Lyunho Kim";
				TargetAttributes = {
					7C39EFC021DE3E14001B07FD = {
						CreatedOnToolsVersion = 10.1;
					};
				};
			};
			buildConfigurationList = 7C39EFBC21DE3E14001B07FD /* Build configuration list for PBXProject "BoxOffice" */;
			compatibilityVersion = "Xcode 9.3";
			developmentRegion = en;
			hasScannedForEncodings = 0;
			knownRegions = (
				en,
				Base,
			);
			mainGroup = 7C39EFB821DE3E14001B07FD;
			productRefGroup = 7C39EFC221DE3E14001B07FD /* Products */;
			projectDirPath = "";
			projectRoot = "";
			targets = (
				7C39EFC021DE3E14001B07FD /* BoxOffice */,
			);
		};
/* End PBXProject section */

/* Begin PBXResourcesBuildPhase section */
		7C39EFBF21DE3E14001B07FD /* Resources */ = {
			isa = PBXResourcesBuildPhase;
			buildActionMask = 2147483647;
			files = (
				7C39EFCF21DE3E17001B07FD /* LaunchScreen.storyboard in Resources */,
				7C39EFCC21DE3E17001B07FD /* Assets.xcassets in Resources */,
				7C39EFCA21DE3E14001B07FD /* Main.storyboard in Resources */,
			);
			runOnlyForDeploymentPostprocessing = 0;
		};
/* End PBXResourcesBuildPhase section */

/* Begin PBXSourcesBuildPhase section */
		7C39EFBD21DE3E14001B07FD /* Sources */ = {
			isa = PBXSourcesBuildPhase;
			buildActionMask = 2147483647;
			files = (
				7C39EFD721E0A03A001B07FD /* TableMainViewController.swift in Sources */,
				7C39EFD921E0AF1F001B07FD /* MovieTableViewCell.swift in Sources */,
				7C39EFE021E0B2BA001B07FD /* Comment.swift in Sources */,
				7C39EFC521DE3E14001B07FD /* AppDelegate.swift in Sources */,
				7C39EFDE21E0B2AD001B07FD /* MovieInfo.swift in Sources */,
				7C39EFDB21E0B24F001B07FD /* Movie.swift in Sources */,
			);
			runOnlyForDeploymentPostprocessing = 0;
		};
/* End PBXSourcesBuildPhase section */

/* Begin PBXVariantGroup section */
		7C39EFC821DE3E14001B07FD /* Main.storyboard */ = {
			isa = PBXVariantGroup;
			children = (
				7C39EFC921DE3E14001B07FD /* Base */,
			);
			name = Main.storyboard;
			sourceTree = "<group>";
		};
		7C39EFCD21DE3E17001B07FD /* LaunchScreen.storyboard */ = {
			isa = PBXVariantGroup;
			children = (
				7C39EFCE21DE3E17001B07FD /* Base */,
			);
			name = LaunchScreen.storyboard;
			sourceTree = "<group>";
		};
/* End PBXVariantGroup section */

/* Begin XCBuildConfiguration section */
		7C39EFD121DE3E17001B07FD /* Debug */ = {
			isa = XCBuildConfiguration;
			buildSettings = {
				ALWAYS_SEARCH_USER_PATHS = NO;
				CLANG_ANALYZER_NONNULL = YES;
				CLANG_ANALYZER_NUMBER_OBJECT_CONVERSION = YES_AGGRESSIVE;
				CLANG_CXX_LANGUAGE_STANDARD = "gnu++14";
				CLANG_CXX_LIBRARY = "libc++";
				CLANG_ENABLE_MODULES = YES;
				CLANG_ENABLE_OBJC_ARC = YES;
				CLANG_ENABLE_OBJC_WEAK = YES;
				CLANG_WARN_BLOCK_CAPTURE_AUTORELEASING = YES;
				CLANG_WARN_BOOL_CONVERSION = YES;
				CLANG_WARN_COMMA = YES;
				CLANG_WARN_CONSTANT_CONVERSION = YES;
				CLANG_WARN_DEPRECATED_OBJC_IMPLEMENTATIONS = YES;
				CLANG_WARN_DIRECT_OBJC_ISA_USAGE = YES_ERROR;
				CLANG_WARN_DOCUMENTATION_COMMENTS = YES;
				CLANG_WARN_EMPTY_BODY = YES;
				CLANG_WARN_ENUM_CONVERSION = YES;
				CLANG_WARN_INFINITE_RECURSION = YES;
				CLANG_WARN_INT_CONVERSION = YES;
				CLANG_WARN_NON_LITERAL_NULL_CONVERSION = YES;
				CLANG_WARN_OBJC_IMPLICIT_RETAIN_SELF = YES;
				CLANG_WARN_OBJC_LITERAL_CONVERSION = YES;
				CLANG_WARN_OBJC_ROOT_CLASS = YES_ERROR;
				CLANG_WARN_RANGE_LOOP_ANALYSIS = YES;
				CLANG_WARN_STRICT_PROTOTYPES = YES;
				CLANG_WARN_SUSPICIOUS_MOVE = YES;
				CLANG_WARN_UNGUARDED_AVAILABILITY = YES_AGGRESSIVE;
				CLANG_WARN_UNREACHABLE_CODE = YES;
				CLANG_WARN__DUPLICATE_METHOD_MATCH = YES;
				CODE_SIGN_IDENTITY = "iPhone Developer";
				COPY_PHASE_STRIP = NO;
				DEBUG_INFORMATION_FORMAT = dwarf;
				ENABLE_STRICT_OBJC_MSGSEND = YES;
				ENABLE_TESTABILITY = YES;
				GCC_C_LANGUAGE_STANDARD = gnu11;
				GCC_DYNAMIC_NO_PIC = NO;
				GCC_NO_COMMON_BLOCKS = YES;
				GCC_OPTIMIZATION_LEVEL = 0;
				GCC_PREPROCESSOR_DEFINITIONS = (
					"DEBUG=1",
					"$(inherited)",
				);
				GCC_WARN_64_TO_32_BIT_CONVERSION = YES;
				GCC_WARN_ABOUT_RETURN_TYPE = YES_ERROR;
				GCC_WARN_UNDECLARED_SELECTOR = YES;
				GCC_WARN_UNINITIALIZED_AUTOS = YES_AGGRESSIVE;
				GCC_WARN_UNUSED_FUNCTION = YES;
				GCC_WARN_UNUSED_VARIABLE = YES;
				IPHONEOS_DEPLOYMENT_TARGET = 12.1;
				MTL_ENABLE_DEBUG_INFO = INCLUDE_SOURCE;
				MTL_FAST_MATH = YES;
				ONLY_ACTIVE_ARCH = YES;
				SDKROOT = iphoneos;
				SWIFT_ACTIVE_COMPILATION_CONDITIONS = DEBUG;
				SWIFT_OPTIMIZATION_LEVEL = "-Onone";
			};
			name = Debug;
		};
		7C39EFD221DE3E17001B07FD /* Release */ = {
			isa = XCBuildConfiguration;
			buildSettings = {
				ALWAYS_SEARCH_USER_PATHS = NO;
				CLANG_ANALYZER_NONNULL = YES;
				CLANG_ANALYZER_NUMBER_OBJECT_CONVERSION = YES_AGGRESSIVE;
				CLANG_CXX_LANGUAGE_STANDARD = "gnu++14";
				CLANG_CXX_LIBRARY = "libc++";
				CLANG_ENABLE_MODULES = YES;
				CLANG_ENABLE_OBJC_ARC = YES;
				CLANG_ENABLE_OBJC_WEAK = YES;
				CLANG_WARN_BLOCK_CAPTURE_AUTORELEASING = YES;
				CLANG_WARN_BOOL_CONVERSION = YES;
				CLANG_WARN_COMMA = YES;
				CLANG_WARN_CONSTANT_CONVERSION = YES;
				CLANG_WARN_DEPRECATED_OBJC_IMPLEMENTATIONS = YES;
				CLANG_WARN_DIRECT_OBJC_ISA_USAGE = YES_ERROR;
				CLANG_WARN_DOCUMENTATION_COMMENTS = YES;
				CLANG_WARN_EMPTY_BODY = YES;
				CLANG_WARN_ENUM_CONVERSION = YES;
				CLANG_WARN_INFINITE_RECURSION = YES;
				CLANG_WARN_INT_CONVERSION = YES;
				CLANG_WARN_NON_LITERAL_NULL_CONVERSION = YES;
				CLANG_WARN_OBJC_IMPLICIT_RETAIN_SELF = YES;
				CLANG_WARN_OBJC_LITERAL_CONVERSION = YES;
				CLANG_WARN_OBJC_ROOT_CLASS = YES_ERROR;
				CLANG_WARN_RANGE_LOOP_ANALYSIS = YES;
				CLANG_WARN_STRICT_PROTOTYPES = YES;
				CLANG_WARN_SUSPICIOUS_MOVE = YES;
				CLANG_WARN_UNGUARDED_AVAILABILITY = YES_AGGRESSIVE;
				CLANG_WARN_UNREACHABLE_CODE = YES;
				CLANG_WARN__DUPLICATE_METHOD_MATCH = YES;
				CODE_SIGN_IDENTITY = "iPhone Developer";
				COPY_PHASE_STRIP = NO;
				DEBUG_INFORMATION_FORMAT = "dwarf-with-dsym";
				ENABLE_NS_ASSERTIONS = NO;
				ENABLE_STRICT_OBJC_MSGSEND = YES;
				GCC_C_LANGUAGE_STANDARD = gnu11;
				GCC_NO_COMMON_BLOCKS = YES;
				GCC_WARN_64_TO_32_BIT_CONVERSION = YES;
				GCC_WARN_ABOUT_RETURN_TYPE = YES_ERROR;
				GCC_WARN_UNDECLARED_SELECTOR = YES;
				GCC_WARN_UNINITIALIZED_AUTOS = YES_AGGRESSIVE;
				GCC_WARN_UNUSED_FUNCTION = YES;
				GCC_WARN_UNUSED_VARIABLE = YES;
				IPHONEOS_DEPLOYMENT_TARGET = 12.1;
				MTL_ENABLE_DEBUG_INFO = NO;
				MTL_FAST_MATH = YES;
				SDKROOT = iphoneos;
				SWIFT_COMPILATION_MODE = wholemodule;
				SWIFT_OPTIMIZATION_LEVEL = "-O";
				VALIDATE_PRODUCT = YES;
			};
			name = Release;
		};
		7C39EFD421DE3E17001B07FD /* Debug */ = {
			isa = XCBuildConfiguration;
			buildSettings = {
				ASSETCATALOG_COMPILER_APPICON_NAME = AppIcon;
				CODE_SIGN_STYLE = Automatic;
				INFOPLIST_FILE = BoxOffice/Info.plist;
				LD_RUNPATH_SEARCH_PATHS = (
					"$(inherited)",
					"@executable_path/Frameworks",
				);
				PRODUCT_BUNDLE_IDENTIFIER = com.8DUN.BoxOffice;
				PRODUCT_NAME = "$(TARGET_NAME)";
				SWIFT_VERSION = 4.2;
				TARGETED_DEVICE_FAMILY = "1,2";
			};
			name = Debug;
		};
		7C39EFD521DE3E17001B07FD /* Release */ = {
			isa = XCBuildConfiguration;
			buildSettings = {
				ASSETCATALOG_COMPILER_APPICON_NAME = AppIcon;
				CODE_SIGN_STYLE = Automatic;
				INFOPLIST_FILE = BoxOffice/Info.plist;
				LD_RUNPATH_SEARCH_PATHS = (
					"$(inherited)",
					"@executable_path/Frameworks",
				);
				PRODUCT_BUNDLE_IDENTIFIER = com.8DUN.BoxOffice;
				PRODUCT_NAME = "$(TARGET_NAME)";
				SWIFT_VERSION = 4.2;
				TARGETED_DEVICE_FAMILY = "1,2";
			};
			name = Release;
		};
/* End XCBuildConfiguration section */

/* Begin XCConfigurationList section */
		7C39EFBC21DE3E14001B07FD /* Build configuration list for PBXProject "BoxOffice" */ = {
			isa = XCConfigurationList;
			buildConfigurations = (
				7C39EFD121DE3E17001B07FD /* Debug */,
				7C39EFD221DE3E17001B07FD /* Release */,
			);
			defaultConfigurationIsVisible = 0;
			defaultConfigurationName = Release;
		};
		7C39EFD321DE3E17001B07FD /* Build configuration list for PBXNativeTarget "BoxOffice" */ = {
			isa = XCConfigurationList;
			buildConfigurations = (
				7C39EFD421DE3E17001B07FD /* Debug */,
				7C39EFD521DE3E17001B07FD /* Release */,
			);
			defaultConfigurationIsVisible = 0;
			defaultConfigurationName = Release;
		};
/* End XCConfigurationList section */
	};
	rootObject = 7C39EFB921DE3E14001B07FD /* Project object */;
}
